PODS:
  - Ads-Global (7.5.0.5):
    - Ads-Global/BUAdSDK (= 7.5.0.5)
  - Ads-Global/BUAdSDK (7.5.0.5)
  - Alamofire (5.11.0)
  - AppLovinSDK (13.3.1)
  - AppMetricaAdSupport (5.14.0):
    - AppMetricaCore (= 5.14.0)
    - AppMetricaCoreExtension (= 5.14.0)
  - AppMetricaCore (5.14.0):
    - AppMetricaCoreUtils (= 5.14.0)
    - AppMetricaEncodingUtils (= 5.14.0)
    - AppMetricaFMDB (= 5.14.0)
    - AppMetricaHostState (= 5.14.0)
    - AppMetricaIdentifiers (= 5.14.0)
    - AppMetricaKeychain (= 5.14.0)
    - AppMetricaLog (= 5.14.0)
    - AppMetricaNetwork (= 5.14.0)
    - AppMetricaPlatform (= 5.14.0)
    - AppMetricaProtobuf (= 5.14.0)
    - AppMetricaProtobufUtils (= 5.14.0)
    - AppMetricaStorageUtils (= 5.14.0)
  - AppMetricaCoreExtension (5.14.0):
    - AppMetricaCore (= 5.14.0)
    - AppMetricaStorageUtils (= 5.14.0)
  - AppMetricaCoreUtils (5.14.0):
    - AppMetricaLog (= 5.14.0)
  - AppMetricaEncodingUtils (5.14.0):
    - AppMetricaCoreUtils (= 5.14.0)
    - AppMetricaLog (= 5.14.0)
    - AppMetricaPlatform (= 5.14.0)
  - AppMetricaFMDB (5.14.0)
  - AppMetricaHostState (5.14.0):
    - AppMetricaCoreUtils (= 5.14.0)
    - AppMetricaLog (= 5.14.0)
  - AppMetricaIdentifiers (5.14.0):
    - AppMetricaKeychain (= 5.14.0)
    - AppMetricaLogSwift (= 5.14.0)
    - AppMetricaPlatform (= 5.14.0)
    - AppMetricaStorageUtils (= 5.14.0)
    - AppMetricaSynchronization (= 5.14.0)
  - AppMetricaIDSync (5.14.0):
    - AppMetricaCore (= 5.14.0)
    - AppMetricaCoreExtension (= 5.14.0)
    - AppMetricaCoreUtils (= 5.14.0)
    - AppMetricaLog (= 5.14.0)
    - AppMetricaNetwork (= 5.14.0)
    - AppMetricaPlatform (= 5.14.0)
    - AppMetricaStorageUtils (= 5.14.0)
  - AppMetricaKeychain (5.14.0):
    - AppMetricaCoreUtils (= 5.14.0)
    - AppMetricaLog (= 5.14.0)
    - AppMetricaStorageUtils (= 5.14.0)
  - AppMetricaLibraryAdapter (5.14.0):
    - AppMetricaCore (= 5.14.0)
    - AppMetricaCoreExtension (= 5.14.0)
  - AppMetricaLog (5.14.0)
  - AppMetricaLogSwift (5.14.0):
    - AppMetricaLog (= 5.14.0)
  - AppMetricaNetwork (5.14.0):
    - AppMetricaCoreUtils (= 5.14.0)
    - AppMetricaLog (= 5.14.0)
    - AppMetricaPlatform (= 5.14.0)
  - AppMetricaPlatform (5.14.0):
    - AppMetricaCoreUtils (= 5.14.0)
    - AppMetricaLog (= 5.14.0)
  - AppMetricaProtobuf (5.14.0)
  - AppMetricaProtobufUtils (5.14.0):
    - AppMetricaProtobuf (= 5.14.0)
  - AppMetricaStorageUtils (5.14.0):
    - AppMetricaCoreUtils (= 5.14.0)
    - AppMetricaLog (= 5.14.0)
  - AppMetricaSynchronization (5.14.0):
    - AppMetricaLogSwift (= 5.14.0)
  - BigoADS_spec (4.6.1)
  - BigoADSYandexMobileAdsAdaptersSpec (4.6.0.13):
    - BigoADS_spec (~> 4.6.0)
    - YandexMobileAds (~> 7.18.0)
  - ChartboostSDK (9.9.2)
  - ChartboostYandexMobileAdsAdapters (9.9.2.3):
    - ChartboostSDK (~> 9.9.2)
    - YandexMobileAds (~> 7.18.0)
  - DigitalTurbineYandexMobileAdsAdapters (8.3.8.2):
    - Fyber_Marketplace_SDK (~> 8.3.8)
    - YandexMobileAds (~> 7.18.0)
  - DivKit (32.34.0):
    - DivKit_LayoutKit (= 32.34.0)
    - DivKit_Serialization (= 32.34.0)
    - VGSL (~> 7.12)
  - DivKit_LayoutKit (32.34.0):
    - DivKit_LayoutKitInterface (= 32.34.0)
    - VGSL (~> 7.12)
  - DivKit_LayoutKitInterface (32.34.0):
    - VGSL (~> 7.12)
  - DivKit_Serialization (32.34.0):
    - VGSL (~> 7.12)
  - DivKitBinaryCompatibilityFacade (5.2.1):
    - DivKit (~> 32.14)
  - FBAudienceNetwork (6.20.1)
  - Fyber_Marketplace_SDK (8.3.8)
  - GA-SDK-IOS (4.11.1)
  - Google-Mobile-Ads-SDK (12.2.0):
    - GoogleUserMessagingPlatform (>= 1.1)
  - GoogleUserMessagingPlatform (3.1.0)
  - GoogleYandexMobileAdsAdapters (12.2.0.8):
    - Google-Mobile-Ads-SDK (~> 12.2.0)
    - YandexMobileAds (~> 7.18.0)
  - InMobiSDK (10.8.6)
  - InMobiYandexMobileAdsAdapters (10.8.6.3):
    - InMobiSDK (~> 10.8.6)
    - YandexMobileAds (~> 7.18.0)
  - IronSourceAdMobAdapter (4.3.63.0):
    - Google-Mobile-Ads-SDK (= 12.2.0)
    - IronSourceSDK (~> 8.4)
  - IronSourceAdQualitySDK (7.26.2)
  - IronSourceAppLovinAdapter (4.3.55.3):
    - AppLovinSDK (= 13.3.1)
    - IronSourceSDK (~> 8.4)
  - IronSourceChartboostAdapter (4.3.24.0):
    - ChartboostSDK (= 9.9.2)
    - IronSourceSDK/Ads (~> 8.9)
  - IronSourceFacebookAdapter (4.3.52.0):
    - FBAudienceNetwork (= 6.20.1)
    - IronSourceSDK/Ads (~> 8.9)
  - IronSourceFyberAdapter (4.3.44.0):
    - Fyber_Marketplace_SDK (= 8.3.8)
    - IronSourceSDK/Ads (~> 8.9)
  - IronSourceInMobiAdapter (4.3.30.0):
    - InMobiSDK (= 10.8.6)
    - IronSourceSDK/Ads (~> 8.9)
  - IronSourceMintegralAdapter (4.3.37.0):
    - IronSourceSDK/Ads (~> 8.9)
    - MintegralAdSDK (= 7.7.9)
  - IronSourcePangleAdapter (4.3.52.0):
    - Ads-Global (= 7.5.0.5)
    - IronSourceSDK/Ads (~> 8.9)
  - IronSourceSDK (8.11.0.0):
    - IronSourceSDK/AdQuality (= 8.11.0.0)
    - IronSourceSDK/Ads (= 8.11.0.0)
  - IronSourceSDK/AdQuality (8.11.0.0):
    - IronSourceAdQualitySDK (~> 7.26.1)
  - IronSourceSDK/Ads (8.11.0.0)
  - IronSourceUnityAdsAdapter (4.3.55.0):
    - IronSourceSDK/Ads (~> 8.9)
    - UnityAds (= 4.16.1)
  - IronSourceYandexMobileAdsAdapters (8.11.0.2):
    - IronSourceSDK (~> 8.11.0.0)
    - YandexMobileAds (~> 7.18.0)
  - MintegralAdSDK (7.7.9):
    - MintegralAdSDK/BannerAd (= 7.7.9)
    - MintegralAdSDK/BidBannerAd (= 7.7.9)
    - MintegralAdSDK/BidInterstitialVideoAd (= 7.7.9)
    - MintegralAdSDK/BidNativeAd (= 7.7.9)
    - MintegralAdSDK/BidNewInterstitialAd (= 7.7.9)
    - MintegralAdSDK/BidRewardVideoAd (= 7.7.9)
    - MintegralAdSDK/InterstitialVideoAd (= 7.7.9)
    - MintegralAdSDK/NativeAd (= 7.7.9)
    - MintegralAdSDK/NewInterstitialAd (= 7.7.9)
    - MintegralAdSDK/RewardVideoAd (= 7.7.9)
  - MintegralAdSDK/BannerAd (7.7.9):
    - MintegralAdSDK/NativeAd
  - MintegralAdSDK/BidBannerAd (7.7.9):
    - MintegralAdSDK/BannerAd
    - MintegralAdSDK/BidNativeAd
  - MintegralAdSDK/BidInterstitialVideoAd (7.7.9):
    - MintegralAdSDK/BidNativeAd
    - MintegralAdSDK/InterstitialVideoAd
  - MintegralAdSDK/BidNativeAd (7.7.9):
    - MintegralAdSDK/NativeAd
  - MintegralAdSDK/BidNewInterstitialAd (7.7.9):
    - MintegralAdSDK/BidNativeAd
    - MintegralAdSDK/NewInterstitialAd
  - MintegralAdSDK/BidRewardVideoAd (7.7.9):
    - MintegralAdSDK/BidNativeAd
    - MintegralAdSDK/RewardVideoAd
  - MintegralAdSDK/InterstitialVideoAd (7.7.9):
    - MintegralAdSDK/NativeAd
  - MintegralAdSDK/NativeAd (7.7.9)
  - MintegralAdSDK/NewInterstitialAd (7.7.9):
    - MintegralAdSDK/InterstitialVideoAd
    - MintegralAdSDK/NativeAd
  - MintegralAdSDK/RewardVideoAd (7.7.9):
    - MintegralAdSDK/NativeAd
  - MintegralAdSDK/SplashAd (7.7.9):
    - MintegralAdSDK/NativeAd
  - MintegralYandexMobileAdsAdapters (7.7.9.3):
    - MintegralAdSDK (~> 7.7.9)
    - MintegralAdSDK/SplashAd (~> 7.7.9)
    - YandexMobileAds (~> 7.18.0)
  - myTargetSDK (5.28.0):
    - myTrackerSDK (~> 3.2.0)
  - MyTargetYandexMobileAdsAdapters (5.28.0.8):
    - myTargetSDK (~> 5.28.0)
    - YandexMobileAds (~> 7.18.0)
  - myTrackerSDK (3.2.3)
  - UnityAds (4.16.1)
  - UnityAdsYandexMobileAdsAdapters (4.16.1.3):
    - UnityAds (~> 4.16.1)
    - YandexMobileAds (~> 7.18.0)
  - VGSL (7.17.0):
    - VGSLFundamentals (= 7.17.0)
    - VGSLNetworking (= 7.17.0)
    - VGSLUI (= 7.17.0)
  - VGSLFundamentals (7.17.0)
  - VGSLNetworking (7.17.0):
    - VGSLFundamentals (= 7.17.0)
    - VGSLUI (= 7.17.0)
  - VGSLUI (7.17.0):
    - VGSLFundamentals (= 7.17.0)
  - VungleAds (7.4.5)
  - VungleYandexMobileAdsAdapters (7.4.2.14):
    - VungleAds (~> 7.4.2)
    - YandexMobileAds (~> 7.18.0)
  - YandexMobileAds (7.18.3):
    - AppMetricaAdSupport (~> 5.14.0)
    - AppMetricaCore (~> 5.14.0)
    - AppMetricaIDSync (~> 5.14.0)
    - AppMetricaLibraryAdapter (~> 5.14.0)
    - DivKitBinaryCompatibilityFacade (~> 5.2.1)
  - YandexMobileAdsMediationExtras (7.18.3):
    - IronSourceAdMobAdapter (= 4.3.63.0)
    - IronSourceAppLovinAdapter (= 4.3.55.3)
    - IronSourceChartboostAdapter (= 4.3.24.0)
    - IronSourceFacebookAdapter (= 4.3.52.0)
    - IronSourceFyberAdapter (= 4.3.44.0)
    - IronSourceInMobiAdapter (= 4.3.30.0)
    - IronSourceMintegralAdapter (= 4.3.37.0)
    - IronSourcePangleAdapter (= 4.3.52.0)
    - IronSourceUnityAdsAdapter (= 4.3.55.0)
    - YandexMobileAds (~> 7.18.3)
  - YandexMobileAdsMediationSpec (7.18.3):
    - BigoADSYandexMobileAdsAdaptersSpec (= 4.6.0.13)
    - ChartboostYandexMobileAdsAdapters (= 9.9.2.3)
    - DigitalTurbineYandexMobileAdsAdapters (= 8.3.8.2)
    - GoogleYandexMobileAdsAdapters (= 12.2.0.8)
    - InMobiYandexMobileAdsAdapters (= 10.8.6.3)
    - IronSourceYandexMobileAdsAdapters (= 8.11.0.2)
    - MintegralYandexMobileAdsAdapters (= 7.7.9.3)
    - MyTargetYandexMobileAdsAdapters (= 5.28.0.8)
    - UnityAdsYandexMobileAdsAdapters (= 4.16.1.3)
    - VungleYandexMobileAdsAdapters (= 7.4.2.14)
    - YandexMobileAds (~> 7.18.3)
    - YandexMobileAdsMediationExtras (= 7.18.3)
    - zMaticooYandexMobileAdsAdapters (= 1.5.0.14)
  - zMaticoo (1.5.5)
  - zMaticooYandexMobileAdsAdapters (1.5.0.14):
    - YandexMobileAds (~> 7.18.0)
    - zMaticoo (~> 1.5.0)

DEPENDENCIES:
  - Alamofire
  - GA-SDK-IOS (~> 4.11.0)
  - YandexMobileAdsMediationSpec

SPEC REPOS:
  trunk:
    - Ads-Global
    - Alamofire
    - AppLovinSDK
    - AppMetricaAdSupport
    - AppMetricaCore
    - AppMetricaCoreExtension
    - AppMetricaCoreUtils
    - AppMetricaEncodingUtils
    - AppMetricaFMDB
    - AppMetricaHostState
    - AppMetricaIdentifiers
    - AppMetricaIDSync
    - AppMetricaKeychain
    - AppMetricaLibraryAdapter
    - AppMetricaLog
    - AppMetricaLogSwift
    - AppMetricaNetwork
    - AppMetricaPlatform
    - AppMetricaProtobuf
    - AppMetricaProtobufUtils
    - AppMetricaStorageUtils
    - AppMetricaSynchronization
    - BigoADS_spec
    - BigoADSYandexMobileAdsAdaptersSpec
    - ChartboostSDK
    - ChartboostYandexMobileAdsAdapters
    - DigitalTurbineYandexMobileAdsAdapters
    - DivKit
    - DivKit_LayoutKit
    - DivKit_LayoutKitInterface
    - DivKit_Serialization
    - DivKitBinaryCompatibilityFacade
    - FBAudienceNetwork
    - Fyber_Marketplace_SDK
    - GA-SDK-IOS
    - Google-Mobile-Ads-SDK
    - GoogleUserMessagingPlatform
    - GoogleYandexMobileAdsAdapters
    - InMobiSDK
    - InMobiYandexMobileAdsAdapters
    - IronSourceAdMobAdapter
    - IronSourceAdQualitySDK
    - IronSourceAppLovinAdapter
    - IronSourceChartboostAdapter
    - IronSourceFacebookAdapter
    - IronSourceFyberAdapter
    - IronSourceInMobiAdapter
    - IronSourceMintegralAdapter
    - IronSourcePangleAdapter
    - IronSourceSDK
    - IronSourceUnityAdsAdapter
    - IronSourceYandexMobileAdsAdapters
    - MintegralAdSDK
    - MintegralYandexMobileAdsAdapters
    - myTargetSDK
    - MyTargetYandexMobileAdsAdapters
    - myTrackerSDK
    - UnityAds
    - UnityAdsYandexMobileAdsAdapters
    - VGSL
    - VGSLFundamentals
    - VGSLNetworking
    - VGSLUI
    - VungleAds
    - VungleYandexMobileAdsAdapters
    - YandexMobileAds
    - YandexMobileAdsMediationExtras
    - YandexMobileAdsMediationSpec
    - zMaticoo
    - zMaticooYandexMobileAdsAdapters

SPEC CHECKSUMS:
  Ads-Global: 9fe1aa40227a59161cacf3cfc10b252922789119
  Alamofire: bd5e7b23a1a750975288482c1831d71e74415f86
  AppLovinSDK: 5075837afdee4fb429121799b8cbcc5918ef3a23
  AppMetricaAdSupport: 702bdcf46b81a7fed457de56f6b0554d0480b5a3
  AppMetricaCore: d1c73033e83316264d5797d003f0c8f7957b7f31
  AppMetricaCoreExtension: 02a8409b471de413ac5ccf9249b12223816737c1
  AppMetricaCoreUtils: 8d6d710d016d15cf30caa46ed7b38219842b6e51
  AppMetricaEncodingUtils: 37803d738b7751b80e8cd3911cf42d43af6e011b
  AppMetricaFMDB: 109e4a5ff89ca8c5609c2f2b597831aac7712e65
  AppMetricaHostState: 8a9a1d723974201acdf819bf3a5fadb3af3f2e82
  AppMetricaIdentifiers: 57e3164c945075fce4831567ae3a65959efaff44
  AppMetricaIDSync: f2dcb1b268dda44cd3f1edff5dad74abbb5cb9d4
  AppMetricaKeychain: 99950a926fb90e54913d6737a9901c45af34d800
  AppMetricaLibraryAdapter: 643eeb8958caad92a37658751c10a591b3f74e28
  AppMetricaLog: d2bee5f12ec196308f4a13c46b4a65013900d2db
  AppMetricaLogSwift: 0cff437339756bd78f0a4d1526e34c51486edf3f
  AppMetricaNetwork: 82d32db120ac3fccf7c42006354b4e203debf555
  AppMetricaPlatform: b7bbbe687890caac28cae837fc548e66e3542cfb
  AppMetricaProtobuf: 7b8e4a072bf634b9354f5d13cf6cc0a14b519b85
  AppMetricaProtobufUtils: 3696c3b28c3a6a5fd95b8e44953c662ad5648f7b
  AppMetricaStorageUtils: bb31d877359a6d1ad8ae5a6d89951edddf01af75
  AppMetricaSynchronization: 76f438564c57b4688d640b7befc5600e21bff875
  BigoADS_spec: f94a9c99b8d7f4ba9c86131cc7de13ee4e25bd24
  BigoADSYandexMobileAdsAdaptersSpec: cb7760f916a34f60d88e7dadffd6d10fa415a868
  ChartboostSDK: 9298ec2ea9ae6c5881877f87ca6bc3f68449fe0f
  ChartboostYandexMobileAdsAdapters: 6de33a953d0c8b2a0445b182833ac18fc6d1ee43
  DigitalTurbineYandexMobileAdsAdapters: e9df2e837bb4d67625071d8ef7facccf762992ae
  DivKit: 881278127f072c788d2c009f8999e10e07ab84bc
  DivKit_LayoutKit: f6aff8ae9e966bbb57e0134265066aa1af0746a0
  DivKit_LayoutKitInterface: a11f9e7499ca8e8487456e3439664c5323e3961e
  DivKit_Serialization: be1a4b64ab16062fa0744b716c65b636f94066a4
  DivKitBinaryCompatibilityFacade: 38b84cea43f82129388706b4c25f71519d42a18d
  FBAudienceNetwork: 08e86d63a05b3a5a59414af12e4af8d756943c80
  Fyber_Marketplace_SDK: 078ce5d06cee765bc822ace5c231af7a17e8dcd1
  GA-SDK-IOS: 81d8ce80f1931823b49c114b9f36f257302ab46f
  Google-Mobile-Ads-SDK: 1dfb0c3cb46c7e2b00b0f4de74a1e06d9ea25d67
  GoogleUserMessagingPlatform: befe603da6501006420c206222acd449bba45a9c
  GoogleYandexMobileAdsAdapters: 192718e21734a469754c228b1b95f338c85fd6ca
  InMobiSDK: a6e7bfbecb698c83183f42c5a3cfa1ac52f16bff
  InMobiYandexMobileAdsAdapters: bb2882889ebe94c3f69fc0798750f3d2ec14b972
  IronSourceAdMobAdapter: 1c1bdd564a97ab694009f606a1177d416ee9ede5
  IronSourceAdQualitySDK: 03888a0ac60e1f24ff6277672c3184f00813af64
  IronSourceAppLovinAdapter: 3d05cb80615e027815443115d8b1964358d6b43a
  IronSourceChartboostAdapter: c66d1958d342262826d0e3f67bcc82c04a53d443
  IronSourceFacebookAdapter: 567255d1d3cf99dbe8bb88a661a4358a572b00a2
  IronSourceFyberAdapter: e962d48b2e60f232617ee06586b770f7e975238b
  IronSourceInMobiAdapter: 78ec38089f28ac3687aaee7d3439df84e9874e92
  IronSourceMintegralAdapter: e36a67487991938e0a458750ad072cedbd809ae5
  IronSourcePangleAdapter: ef20410c819bcaa13d195889049f887d0f2b1579
  IronSourceSDK: 32eeb199f608b590112a8263028a485e50f8d1b7
  IronSourceUnityAdsAdapter: 7bf68ffe0c0a4a61bbf5f357c7da45c7a8cd2300
  IronSourceYandexMobileAdsAdapters: 8ba66091b6f075c0e169afd62f29738761db351e
  MintegralAdSDK: 054814f99bb7e967b8974fe635d9005b225cbe42
  MintegralYandexMobileAdsAdapters: c65ffd8cd8cccaebff89ba71b4aad7d8b7619323
  myTargetSDK: a61199b9bcdf2c40011a2076687cb29efd1e00da
  MyTargetYandexMobileAdsAdapters: 30baea9bc20d0f5aa31d6ae7c30ae2c7b8fbc1b8
  myTrackerSDK: 916f1768fe4cb022c62f2be1f4d7831f32253b9a
  UnityAds: 24cb6536614958aefcd5a44576eb4f3157c781d0
  UnityAdsYandexMobileAdsAdapters: 6284f9f4c24001c0839228f09d61bfcacc9ffe1f
  VGSL: 6696dd84229c7d3ce8ad9b940e89bbd199e2b12d
  VGSLFundamentals: 5bd45cb6e0b594902aa9f8927402b4d787460bc7
  VGSLNetworking: 4301c663201314d27357078ec8df9dccc631ec62
  VGSLUI: 6cf73663cc3e9fcc808c095f065eb84555a5cd52
  VungleAds: 1da221690dd1a8710d0b6a4c7aeac14cb12d31ab
  VungleYandexMobileAdsAdapters: a6a7af59b2a9b918f006fd5c309aa3f4808a6c3d
  YandexMobileAds: c3eed41828233daf812102d24d5aeb4bde35571a
  YandexMobileAdsMediationExtras: 4b213a2cd55f43c866f439291774d848c4e8651a
  YandexMobileAdsMediationSpec: 889254d8b15151cea3fba69e0d9d59480702cc3a
  zMaticoo: bc9068737ce83bfeba6c3f4b4e7a49c238ac3f63
  zMaticooYandexMobileAdsAdapters: d48f62bbd1524ace5435c934e0696d618c51c4a6

PODFILE CHECKSUM: acfbe93bcd9142551a42149edf834f7a2cdf299d

COCOAPODS: 1.16.2
